
Microsoft Visual Studio Solution File, Format Version 12.00
# Visual Studio Version 17
VisualStudioVersion = 17.14.36221.1 d17.14
MinimumVisualStudioVersion = 10.0.40219.1
Project("{FAE04EC0-301F-11D3-BF4B-00C04F79EFBC}") = "EMPLOYEEDAPPERMVC.UI", "EMPLOYEEDAPPERMVC.UI\EMPLOYEEDAPPERMVC.UI.csproj", "{384CFDD4-B5E5-49C5-9914-D5CD5D632D34}"
EndProject
Project("{FAE04EC0-301F-11D3-BF4B-00C04F79EFBC}") = "EMPLOYEEDAPPERMVC.Data", "EMPLOYEEDAPPERMVC.Data\EMPLOYEEDAPPERMVC.Data.csproj", "{87961AA4-4549-4201-A8B6-53607EED783E}"
EndProject
Global
	GlobalSection(SolutionConfigurationPlatforms) = preSolution
		Debug|Any CPU = Debug|Any CPU
		Release|Any CPU = Release|Any CPU
	EndGlobalSection
	GlobalSection(ProjectConfigurationPlatforms) = postSolution
		{384CFDD4-B5E5-49C5-9914-D5CD5D632D34}.Debug|Any CPU.ActiveCfg = Debug|Any CPU
		{384CFDD4-B5E5-49C5-9914-D5CD5D632D34}.Debug|Any CPU.Build.0 = Debug|Any CPU
		{384CFDD4-B5E5-49C5-9914-D5CD5D632D34}.Release|Any CPU.ActiveCfg = Release|Any CPU
		{384CFDD4-B5E5-49C5-9914-D5CD5D632D34}.Release|Any CPU.Build.0 = Release|Any CPU
		{87961AA4-4549-4201-A8B6-53607EED783E}.Debug|Any CPU.ActiveCfg = Debug|Any CPU
		{87961AA4-4549-4201-A8B6-53607EED783E}.Debug|Any CPU.Build.0 = Debug|Any CPU
		{87961AA4-4549-4201-A8B6-53607EED783E}.Release|Any CPU.ActiveCfg = Release|Any CPU
		{87961AA4-4549-4201-A8B6-53607EED783E}.Release|Any CPU.Build.0 = Release|Any CPU
	EndGlobalSection
	GlobalSection(SolutionProperties) = preSolution
		HideSolutionNode = FALSE
	EndGlobalSection
	GlobalSection(ExtensibilityGlobals) = postSolution
		SolutionGuid = {98432450-5C93-44AB-A3B9-7F2DDD5540B5}
	EndGlobalSection
EndGlobal
